github.com/armon/go-metrics v0.0.0-20180917152333-f0300d1749da h1:8GUt8eRujhVEGZFFEjBj46YV4rDjvGrNxb0KMWYkL2I=
github.com/bsm/ginkgo/v2 v2.12.0 h1:Ny8MWAHyOepLGlLKYmXG4IEkioBysk6GpaRTLC8zwWs=
github.com/bsm/gomega v1.27.10 h1:yeMWxP2pV2fG3FgAODIY8EiRE3dy0aeFYt4l7wh6yKA=
github.com/bytedance/gopkg v0.1.2 h1:8o2feYuxknDpN+O7kPwvSXfMEKfYvJYiA2K7aonoMEQ=
github.com/bytedance/sonic v1.13.2 h1:8/H1FempDZqC4VqjptGo14QQlJx8VdZJegxs6wwfqpQ=
github.com/bytedance/sonic/loader v0.2.4 h1:ZWCw4stuXUsn1/+zQDqeE7JKP+QO47tz7QCNan80NzY=
github.com/cespare/xxhash/v2 v2.3.0 h1:UL815xU9SqsFlibzuggzjXhog7bL6oX9BbNZnL2UFvs=
github.com/cloudwego/base64x v0.1.5 h1:XPciSp1xaq2VCSt6lF0phncD4koWyULpl5bUxbfCyP4=
github.com/cloudwego/configmanager v0.2.3 h1:P0YTBgqDBnKeI/VARvut/Dc9Rfxt9Bw1Nv7sk0Ru4u8=
github.com/cloudwego/dynamicgo v0.6.2 h1:jpb0R27Kh1cNUFsQsOCTchyt9oNG0UvwDvTecEnV+xg=
github.com/cloudwego/fastpb v0.0.5 h1:vYnBPsfbAtU5TVz5+f9UTlmSCixG9F9vRwaqE0mZPZU=
github.com/cloudwego/frugal v0.2.5 h1:zRICkWpBCQ6TY4QmRf+uINzcHbv7ogCHOM8h7ltPRzM=
github.com/cloudwego/gopkg v0.1.4 h1:EoQiCG4sTonTPHxOGE0VlQs+sQR+Hsi2uN0qqwu8O50=
github.com/cloudwego/iasm v0.2.0 h1:1KNIy1I1H9hNNFEEH3DVnI4UujN+1zjpuk6gwHLTssg=
github.com/cloudwego/kitex v0.13.1 h1:oPJS/hy9gvo0rlfQmJAKJj8F4PMLG74IYzpaPlCRgg8=
github.com/cloudwego/localsession v0.1.2 h1:RBmeLDO5sKr4ujd8iBp5LTMmuVKLdu88jjIneq/fEZ8=
github.com/cloudwego/netpoll v0.7.0 h1:bDrxQaNfijRI1zyGgXHQoE/nYegL0nr+ijO1Norelc4=
github.com/cloudwego/runtimex v0.1.1 h1:lheZjFOyKpsq8TsGGfmX9/4O7F0TKpWmB8on83k7GE8=
github.com/cloudwego/thriftgo v0.4.1 h1:p7wr+YOLlw14Qm8KlJHvEiyo6+LvVjipCyNbg0AwfYg=
github.com/davecgh/go-spew v1.1.2-0.20180830191138-d8f796af33cc h1:U9qPSI2PIWSS1VwoXQT9A3Wy9MM3WgvqSxFWenqJduM=
github.com/dgryski/go-rendezvous v0.0.0-20200823014737-9f7001d12a5f h1:lO4WD4F/rVNCu3HqELle0jiPLLBs70cWOduZpkS1E78=
github.com/fatih/color v1.13.0 h1:8LOYc1KYPPmyKMuN8QV2DNRWNbLo6LZ0iLs8+mlH53w=
github.com/fatih/structtag v1.2.0 h1:/OdNE99OxoI/PqaW/SuSK9uxxT3f/tcSZgon/ssNSx4=
github.com/go-logr/logr v1.4.1 h1:pKouT5E8xu9zeFC39JXRDukb6JFQPXM5p5I91188VAQ=
github.com/go-logr/stdr v1.2.2 h1:hSWxHoqTgW2S2qGc0LTAI563KZ5YKYRhT3MFKZMbjag=
github.com/go-sql-driver/mysql v1.7.0 h1:ueSltNNllEqE3qcWBTD0iQd3IpL/6U+mJxLkazJ7YPc=
github.com/golang/mock v1.6.0 h1:ErTB+efbowRARo13NNdxyJji2egdxLGQhRaY+DUumQc=
github.com/golang/protobuf v1.5.4 h1:i7eJL8qZTpSEXOPTxNKhASYpMn+8e5Q6AdndVa1dWek=
github.com/google/btree v0.0.0-20180813153112-4030bb1f1f0c h1:964Od4U6p2jUkFxvCydnIczKteheJEzHRToSGK3Bnlw=
github.com/google/go-cmp v0.6.0 h1:ofyhxvXcZhMsU5ulbFiLKl/XBFqE1GSq7atu8tAmTRI=
github.com/google/pprof v0.0.0-20250501235452-c0086092b71a h1:rDA3FfmxwXR+BVKKdz55WwMJ1pD2hJQNW31d+l3mPk4=
github.com/hashicorp/consul/api v1.20.0 h1:9IHTjNVSZ7MIwjlW3N3a7iGiykCMDpxZu8jsxFJh0yc=
github.com/hashicorp/consul/sdk v0.13.1 h1:EygWVWWMczTzXGpO93awkHFzfUka6hLYJ0qhETd+6lY=
github.com/hashicorp/errwrap v1.0.0 h1:hLrqtEDnRye3+sgx6z4qVLNuviH3MR5aQ0ykNJa/UYA=
github.com/hashicorp/go-cleanhttp v0.5.1 h1:dH3aiDG9Jvb5r5+bYHsikaOUIpcM0xvgMXVoDkXMzJM=
github.com/hashicorp/go-hclog v1.6.3 h1:Qr2kF+eVWjTiYmU7Y31tYlP1h0q/X3Nl3tPGdaB11/k=
github.com/hashicorp/go-immutable-radix v1.0.0 h1:AKDB1HM5PWEA7i4nhcpwOrO2byshxBjXVn/J/3+z5/0=
github.com/hashicorp/go-msgpack v0.5.3 h1:zKjpN5BK/P5lMYrLmBHdBULWbJ0XpYR+7NGzqkZzoD4=
github.com/hashicorp/go-multierror v1.1.0 h1:B9UzwGQJehnUY1yNrnwREHc3fGbC2xefo8g4TbElacI=
github.com/hashicorp/go-rootcerts v1.0.2 h1:jzhAVGtqPKbwpyCPELlgNWhE1znq+qwJtW5Oi2viEzc=
github.com/hashicorp/go-sockaddr v1.0.2 h1:ztczhD1jLxIRjVejw8gFomI1BQZOe2WoVOu0SyteCQc=
github.com/hashicorp/go-uuid v1.0.2 h1:cfejS+Tpcp13yd5nYHWDI6qVCny6wyX2Mt5SGur2IGE=
github.com/hashicorp/go-version v1.2.1 h1:zEfKbn2+PDgroKdiOzqiE8rsmLqU2uwi5PB5pBJ3TkI=
github.com/hashicorp/golang-lru v0.5.4 h1:YDjusn29QI/Das2iO9M0BHnIbxPeyuCHsjMW+lJfyTc=
github.com/hashicorp/memberlist v0.5.0 h1:EtYPN8DpAURiapus508I4n9CzHs2W+8NZGbmmR/prTM=
github.com/hashicorp/serf v0.10.1 h1:Z1H2J60yRKvfDYAOZLd2MU0ND4AH/WDz7xYHDWQsIPY=
github.com/iancoleman/strcase v0.2.0 h1:05I4QRnGpI0m37iZQRuskXh+w77mr6Z41lwQzuHLwW0=
github.com/jhump/protoreflect v1.8.2 h1:k2xE7wcUomeqwY0LDCYA16y4WWfyTcMx5mKhk0d4ua0=
github.com/jinzhu/inflection v1.0.0 h1:K317FqzuhWc8YvSVlFMCCUb36O/S9MCKRDI7QkRKD/E=
github.com/jinzhu/now v1.1.5 h1:/o9tlHleP7gOFmsnYNz3RGnqzefHA47wQpKrrdTIwXQ=
github.com/joho/godotenv v1.5.1 h1:7eLL/+HRGLY0ldzfGMeQkb7vMd0as4CfYvUVzLqw0N0=
github.com/json-iterator/go v1.1.12 h1:PV8peI4a0ysnczrg+LtxykD8LfKY9ML6u2jnxaEnrnM=
github.com/kitex-contrib/obs-opentelemetry/logging/logrus v0.0.0-20241120035129-55da83caab1b h1:PUdDbnTeBtUOiA+KiEwnECD5qECWvWCD68XTYPIWfEI=
github.com/kitex-contrib/registry-consul v0.2.0 h1:1xTBMqCwN7uaLIlAwTCAPMO42exnPoJDFrM+hQOiNy4=
github.com/klauspost/cpuid/v2 v2.2.10 h1:tBs3QSyvjDyFTq3uoc/9xFpCuOsJQFNPiAhYdw2skhE=
github.com/kr/pretty v0.3.1 h1:flRD4NNwYAUpkphVc1HcthR4KEIFJ65n8Mw5qdRn3LE=
github.com/kr/text v0.2.0 h1:5Nx0Ya0ZqY2ygV366QzturHI13Jq95ApcVaJBhpS+AY=
github.com/mattn/go-colorable v0.1.12 h1:jF+Du6AlPIjs2BiUiQlKOX0rt3SujHxPnksPKZbaA40=
github.com/mattn/go-isatty v0.0.14 h1:yVuAays6BHfxijgZPzw+3Zlu5yQgKGP2/hcQbHb7S9Y=
github.com/miekg/dns v1.1.41 h1:WMszZWJG0XmzbK9FEmzH2TVcqYzFesusSIB41b8KHxY=
github.com/mitchellh/go-homedir v1.1.0 h1:lukF9ziXFxDFPkA1vsr5zpc1XuPDn/wFntq5mG+4E0Y=
github.com/mitchellh/mapstructure v1.4.1 h1:CpVNEelQCZBooIPDn+AR3NpivK/TIKU8bDxdASFVQag=
github.com/modern-go/concurrent v0.0.0-20180228061459-e0a39a4cb421 h1:ZqeYNhU3OHLH3mGKHDcjJRFFRrJa6eAM5H+CtDdOsPc=
github.com/modern-go/reflect2 v1.0.2 h1:xBagoLtFs94CBntxluKeaWgTMpvLxC4ur3nMaC9Gz0M=
github.com/pascaldekloe/goe v0.0.0-20180627143212-57f6aae5913c h1:Lgl0gzECD8GnQ5QCWA8o6BtfL6mDH5rQgM4/fX3avOs=
github.com/pkg/errors v0.9.1 h1:FEBLx1zS214owpjy7qsBeixbURkuhQAwrK5UwLGTwt4=
github.com/pmezard/go-difflib v1.0.0 h1:4DBwDE0NGyQoBHbLQYPwSUPoCMWR5BEzIk/f1lZbAQM=
github.com/redis/go-redis/v9 v9.8.0 h1:q3nRvjrlge/6UD7eTu/DSg2uYiU2mCL0G/uzBWqhicI=
github.com/rogpeppe/go-internal v1.14.1 h1:UQB4HGPB6osV0SQTLymcB4TgvyWu6ZyliaW0tI/otEQ=
github.com/sean-/seed v0.0.0-20170313163322-e2103e2c3529 h1:nn5Wsu0esKSJiIVhscUtVbo7ada43DJhG55ua/hjS5I=
github.com/sirupsen/logrus v1.9.3 h1:dueUQJ1C2q9oE3F7wvmSGAaVtTmUizReu6fjN8uqzbQ=
github.com/spark4862/smartmall/rpc_gen v0.0.0-20250517072459-9edb24365e0d h1:cuYL/CsYFi5Doh4z0K5r5+A7foK+IquXHrZF7wD2ws4=
github.com/stretchr/objx v0.5.2 h1:xuMeJ0Sdp5ZMRXx/aWO6RZxdr3beISkG5/G/aIRr3pY=
github.com/stretchr/testify v1.10.0 h1:Xv5erBjTwe/5IxqUQTdXv5kgmIvbHo3QQyRwhJsOfJA=
github.com/tidwall/gjson v1.18.0 h1:FIDeeyB800efLX89e5a8Y0BNH+LOngJyGrIWxG2FKQY=
github.com/tidwall/match v1.1.1 h1:+Ho715JplO36QYgwN9PGYNhgZvoUSc9X2c80KVTi+GA=
github.com/tidwall/pretty v1.2.1 h1:qjsOFOWWQl+N3RsoF5/ssm1pHmJJwhjlSbZ51I6wMl4=
github.com/twitchyliquid64/golang-asm v0.15.1 h1:SU5vSMR7hnwNxj24w34ZyCi/FmDZTkS4MhqMhdFk5YI=
go.opentelemetry.io/otel v1.25.0 h1:gldB5FfhRl7OJQbUHt/8s0a7cE8fbsPAtdpRaApKy4k=
go.opentelemetry.io/otel/exporters/stdout/stdouttrace v1.16.0 h1:+XWJd3jf75RXJq29mxbuXhCXFDG3S3R4vBUeSI2P7tE=
go.opentelemetry.io/otel/metric v1.25.0 h1:LUKbS7ArpFL/I2jJHdJcqMGxkRdxpPHE0VU/D4NuEwA=
go.opentelemetry.io/otel/sdk v1.25.0 h1:PDryEJPC8YJZQSyLY5eqLeafHtG+X7FWnf3aXMtxbqo=
go.opentelemetry.io/otel/trace v1.25.0 h1:tqukZGLwQYRIFtSQM2u2+yfMVTgGVeqRLPUYx1Dq6RM=
go.uber.org/goleak v1.3.0 h1:2K3zAYmnTNqV73imy9J1T3WC+gmCePx2hEGkimedGto=
go.uber.org/multierr v1.11.0 h1:blXXJkSxSSfBVBlC76pxqeO+LN3aDfLQo+309xJstO0=
go.uber.org/zap v1.27.0 h1:aJMhYGrd5QSmlpLMr2MftRKl7t8J8PTZPA732ud/XR8=
golang.org/x/arch v0.17.0 h1:4O3dfLzd+lQewptAHqjewQZQDyEdejz3VwgeYwkZneU=
golang.org/x/crypto v0.38.0 h1:jt+WWG8IZlBnVbomuhg2Mdq0+BBQaHbtqHEFEigjUV8=
golang.org/x/net v0.40.0 h1:79Xs7wF06Gbdcg4kdCCIQArK11Z1hr5POQ6+fIYHNuY=
golang.org/x/sync v0.14.0 h1:woo0S4Yywslg6hp4eUFjTVOyKt0RookbpAHG4c1HmhQ=
golang.org/x/sys v0.33.0 h1:q3i8TbbEz+JRD9ywIRlyRAQbM0qF7hu24q3teo2hbuw=
golang.org/x/text v0.25.0 h1:qVyWApTSYLk/drJRO5mDlNYskwQznZmkpV2c8q9zls4=
google.golang.org/genproto v0.0.0-20210513213006-bf773b8c8384 h1:z+j74wi4yV+P7EtK9gPLGukOk7mFOy9wMQaC0wNb7eY=
google.golang.org/grpc v1.36.1 h1:cmUfbeGKnz9+2DD/UYsMQXeqbHZqZDs4eQwW0sFOpBY=
google.golang.org/protobuf v1.36.6 h1:z1NpPI8ku2WgiWnf+t9wTPsn6eP1L7ksHUlkfLvd9xY=
gopkg.in/check.v1 v1.0.0-20201130134442-10cb98267c6c h1:Hei/4ADfdWqJk1ZMxUNpqntNwaWcugrBjAiHlqqRiVk=
gopkg.in/natefinch/lumberjack.v2 v2.2.1 h1:bBRl1b0OH9s/DuPhuXpNl+VtCaJXFZ5/uEFST95x9zc=
gopkg.in/validator.v2 v2.0.1 h1:xF0KWyGWXm/LM2G1TrEjqOu4pa6coO9AlWSf3msVfDY=
gopkg.in/yaml.v2 v2.4.0 h1:D8xgwECY7CYvx+Y2n4sBz93Jn9JRvxdiyyo8CTfuKaY=
gopkg.in/yaml.v3 v3.0.1 h1:fxVm/GzAzEWqLHuvctI91KS9hhNmmWOoWu0XTYJS7CA=
gorm.io/driver/mysql v1.5.7 h1:MndhOPYOfEp2rHKgkZIhJ16eVUIRf2HmzgoPmh7FCWo=
gorm.io/gorm v1.26.1 h1:ghB2gUI9FkS46luZtn6DLZ0f6ooBJ5IbVej2ENFDjRw=
